
Microsoft Visual Studio Solution File, Format Version 12.00
# Visual Studio Version 16
VisualStudioVersion = 16.0.31019.35
MinimumVisualStudioVersion = 10.0.40219.1
Project("{FAE04EC0-301F-11D3-BF4B-00C04F79EFBC}") = "SharpUser", "SharpUser\SharpUser.csproj", "{AD87D8C6-2C3F-4779-9650-185F18195320}"
EndProject
Global
	GlobalSection(SolutionConfigurationPlatforms) = preSolution
		Debug|Any CPU = Debug|Any CPU
		Release|Any CPU = Release|Any CPU
	EndGlobalSection
	GlobalSection(ProjectConfigurationPlatforms) = postSolution
		{AD87D8C6-2C3F-4779-9650-185F18195320}.Debug|Any CPU.ActiveCfg = Debug|Any CPU
		{AD87D8C6-2C3F-4779-9650-185F18195320}.Debug|Any CPU.Build.0 = Debug|Any CPU
		{AD87D8C6-2C3F-4779-9650-185F18195320}.Release|Any CPU.ActiveCfg = Release|Any CPU
		{AD87D8C6-2C3F-4779-9650-185F18195320}.Release|Any CPU.Build.0 = Release|Any CPU
	EndGlobalSection
	GlobalSection(SolutionProperties) = preSolution
		HideSolutionNode = FALSE
	EndGlobalSection
	GlobalSection(ExtensibilityGlobals) = postSolution
		SolutionGuid = {457BF86C-6067-4DED-9D8D-67B0845FB6AD}
	EndGlobalSection
EndGlobal
